
Microsoft Visual Studio Solution File, Format Version 12.00
# Visual Studio 15
VisualStudioVersion = 15.0.28010.2041
MinimumVisualStudioVersion = 10.0.40219.1
Project("{9A19103F-16F7-4668-BE54-9A1E7A4F7556}") = "Imgix-Dotnet", "Imgix-Dotnet\Imgix-Dotnet.csproj", "{938EE49D-55EF-406E-A920-9C152DFE2A8C}"
EndProject
Project("{9A19103F-16F7-4668-BE54-9A1E7A4F7556}") = "Imgix-Dotnet.Tests", "Imgix-Dotnet.Tests\Imgix-Dotnet.Tests.csproj", "{93F9D463-0BE8-4E16-B557-A7994D99E126}"
EndProject
Global
	GlobalSection(SolutionConfigurationPlatforms) = preSolution
		Debug|Any CPU = Debug|Any CPU
		Release|Any CPU = Release|Any CPU
	EndGlobalSection
	GlobalSection(ProjectConfigurationPlatforms) = postSolution
		{938EE49D-55EF-406E-A920-9C152DFE2A8C}.Debug|Any CPU.ActiveCfg = Debug|Any CPU
		{938EE49D-55EF-406E-A920-9C152DFE2A8C}.Debug|Any CPU.Build.0 = Debug|Any CPU
		{938EE49D-55EF-406E-A920-9C152DFE2A8C}.Release|Any CPU.ActiveCfg = Release|Any CPU
		{938EE49D-55EF-406E-A920-9C152DFE2A8C}.Release|Any CPU.Build.0 = Release|Any CPU
		{93F9D463-0BE8-4E16-B557-A7994D99E126}.Debug|Any CPU.ActiveCfg = Debug|Any CPU
		{93F9D463-0BE8-4E16-B557-A7994D99E126}.Debug|Any CPU.Build.0 = Debug|Any CPU
		{93F9D463-0BE8-4E16-B557-A7994D99E126}.Release|Any CPU.ActiveCfg = Release|Any CPU
		{93F9D463-0BE8-4E16-B557-A7994D99E126}.Release|Any CPU.Build.0 = Release|Any CPU
	EndGlobalSection
	GlobalSection(SolutionProperties) = preSolution
		HideSolutionNode = FALSE
	EndGlobalSection
	GlobalSection(ExtensibilityGlobals) = postSolution
		SolutionGuid = {A3DD79DA-C443-4D0A-AA7F-512DCB7D1F42}
	EndGlobalSection
EndGlobal
